{
  "name": "signal-struct",
  "version": "1.10.0",
  "lockfileVersion": 2,
  "requires": true,
  "packages": {
    "": {
      "name": "signal-struct",
      "version": "1.10.0",
      "license": "ISC",
      "dependencies": {
        "@preact/signals-core": "^1.2.2",
        "sube": "^2.2.1"
      },
      "devDependencies": {
        "@preact/signals": "^1.1.2",
        "@webreflection/signal": "^0.2.5",
        "usignal": "^0.8.9"
      }
    },
    "node_modules/@preact/signals": {
      "version": "1.1.2",
      "resolved": "https://registry.npmjs.org/@preact/signals/-/signals-1.1.2.tgz",
      "integrity": "sha512-MLNNrICSllHBhpXBvXbl7K5L1HmIjuTzgBw+zdODqjM/cLGPXdYiAWt4lqXlrxNavYdoU4eljb+TLE+DRL+6yw==",
      "dev": true,
      "dependencies": {
        "@preact/signals-core": "^1.2.2"
      },
      "funding": {
        "type": "opencollective",
        "url": "https://opencollective.com/preact"
      },
      "peerDependencies": {
        "preact": "10.x"
      }
    },
    "node_modules/@preact/signals-core": {
      "version": "1.2.2",
      "resolved": "https://registry.npmjs.org/@preact/signals-core/-/signals-core-1.2.2.tgz",
      "integrity": "sha512-z3/bCj7rRA21RJb4FeJ4guCrD1CQbaURHkCTunUWQpxUMAFOPXCD8tSFqERyGrrcSb4T3Hrmdc1OAl0LXBHwiw==",
      "funding": {
        "type": "opencollective",
        "url": "https://opencollective.com/preact"
      }
    },
    "node_modules/@webreflection/signal": {
      "version": "0.2.5",
      "resolved": "https://registry.npmjs.org/@webreflection/signal/-/signal-0.2.5.tgz",
      "integrity": "sha512-A1E7VYcFjWc2rVoohUFHUMWKpRg8pO0dt7Tpy3S82oQhAppNKhx+GRBO74bop/4GkS0rssrQY+pHivluK7boZQ==",
      "dev": true
    },
    "node_modules/preact": {
      "version": "10.11.3",
      "resolved": "https://registry.npmjs.org/preact/-/preact-10.11.3.tgz",
      "integrity": "sha512-eY93IVpod/zG3uMF22Unl8h9KkrcKIRs2EGar8hwLZZDU1lkjph303V9HZBwufh2s736U6VXuhD109LYqPoffg==",
      "dev": true,
      "peer": true,
      "funding": {
        "type": "opencollective",
        "url": "https://opencollective.com/preact"
      }
    },
    "node_modules/sube": {
      "version": "2.2.1",
      "resolved": "https://registry.npmjs.org/sube/-/sube-2.2.1.tgz",
      "integrity": "sha512-BSqw+L5FGGxwxtN7BMLKy0qBv3LlcCiLxQoVkbHvg1Ce1gfOgaY0opNikRboC8aqhAs0rD66HPMEmYVtmcgtFg=="
    },
    "node_modules/usignal": {
      "version": "0.8.9",
      "resolved": "https://registry.npmjs.org/usignal/-/usignal-0.8.9.tgz",
      "integrity": "sha512-jI8+NVOb5AZIx5JzKcCfQzdwbL/E5oOmRciFAKlU9ZV3jeBbaBh9FpwG2Jr1AYsHOxBLNA5GwaQATdjzGydA2Q==",
      "dev": true
    }
  },
  "dependencies": {
    "@preact/signals": {
      "version": "1.1.2",
      "resolved": "https://registry.npmjs.org/@preact/signals/-/signals-1.1.2.tgz",
      "integrity": "sha512-MLNNrICSllHBhpXBvXbl7K5L1HmIjuTzgBw+zdODqjM/cLGPXdYiAWt4lqXlrxNavYdoU4eljb+TLE+DRL+6yw==",
      "dev": true,
      "requires": {
        "@preact/signals-core": "^1.2.2"
      }
    },
    "@preact/signals-core": {
      "version": "1.2.2",
      "resolved": "https://registry.npmjs.org/@preact/signals-core/-/signals-core-1.2.2.tgz",
      "integrity": "sha512-z3/bCj7rRA21RJb4FeJ4guCrD1CQbaURHkCTunUWQpxUMAFOPXCD8tSFqERyGrrcSb4T3Hrmdc1OAl0LXBHwiw=="
    },
    "@webreflection/signal": {
      "version": "0.2.5",
      "resolved": "https://registry.npmjs.org/@webreflection/signal/-/signal-0.2.5.tgz",
      "integrity": "sha512-A1E7VYcFjWc2rVoohUFHUMWKpRg8pO0dt7Tpy3S82oQhAppNKhx+GRBO74bop/4GkS0rssrQY+pHivluK7boZQ==",
      "dev": true
    },
    "preact": {
      "version": "10.11.3",
      "resolved": "https://registry.npmjs.org/preact/-/preact-10.11.3.tgz",
      "integrity": "sha512-eY93IVpod/zG3uMF22Unl8h9KkrcKIRs2EGar8hwLZZDU1lkjph303V9HZBwufh2s736U6VXuhD109LYqPoffg==",
      "dev": true,
      "peer": true
    },
    "sube": {
      "version": "2.2.1",
      "resolved": "https://registry.npmjs.org/sube/-/sube-2.2.1.tgz",
      "integrity": "sha512-BSqw+L5FGGxwxtN7BMLKy0qBv3LlcCiLxQoVkbHvg1Ce1gfOgaY0opNikRboC8aqhAs0rD66HPMEmYVtmcgtFg=="
    },
    "usignal": {
      "version": "0.8.9",
      "resolved": "https://registry.npmjs.org/usignal/-/usignal-0.8.9.tgz",
      "integrity": "sha512-jI8+NVOb5AZIx5JzKcCfQzdwbL/E5oOmRciFAKlU9ZV3jeBbaBh9FpwG2Jr1AYsHOxBLNA5GwaQATdjzGydA2Q==",
      "dev": true
    }
  }
}
